
Microsoft Visual Studio Solution File, Format Version 12.00
# Visual Studio Version 17
VisualStudioVersion = 17.0.32126.317
MinimumVisualStudioVersion = 10.0.40219.1
Project("{FAE04EC0-301F-11D3-BF4B-00C04F79EFBC}") = "lexer", "lexer.csproj", "{2B5049E8-42C7-4B39-9BD8-42D0AA8606B3}"
EndProject
Global
	GlobalSection(SolutionConfigurationPlatforms) = preSolution
		Debug|Any CPU = Debug|Any CPU
		Release|Any CPU = Release|Any CPU
	EndGlobalSection
	GlobalSection(ProjectConfigurationPlatforms) = postSolution
		{2B5049E8-42C7-4B39-9BD8-42D0AA8606B3}.Debug|Any CPU.ActiveCfg = Debug|Any CPU
		{2B5049E8-42C7-4B39-9BD8-42D0AA8606B3}.Debug|Any CPU.Build.0 = Debug|Any CPU
		{2B5049E8-42C7-4B39-9BD8-42D0AA8606B3}.Release|Any CPU.ActiveCfg = Release|Any CPU
		{2B5049E8-42C7-4B39-9BD8-42D0AA8606B3}.Release|Any CPU.Build.0 = Release|Any CPU
	EndGlobalSection
	GlobalSection(SolutionProperties) = preSolution
		HideSolutionNode = FALSE
	EndGlobalSection
	GlobalSection(ExtensibilityGlobals) = postSolution
		SolutionGuid = {BAB40062-27E3-4E22-95F5-3BE1309B95A5}
	EndGlobalSection
EndGlobal
