
Microsoft Visual Studio Solution File, Format Version 12.00
# Visual Studio Version 16
VisualStudioVersion = 16.0.30907.101
MinimumVisualStudioVersion = 10.0.40219.1
Project("{FAE04EC0-301F-11D3-BF4B-00C04F79EFBC}") = "FiniteAutomata", "FiniteAutomata.csproj", "{1C7D1517-185D-4039-9A88-559B62F8F0A6}"
EndProject
Global
	GlobalSection(SolutionConfigurationPlatforms) = preSolution
		Debug|Any CPU = Debug|Any CPU
		Release|Any CPU = Release|Any CPU
	EndGlobalSection
	GlobalSection(ProjectConfigurationPlatforms) = postSolution
		{1C7D1517-185D-4039-9A88-559B62F8F0A6}.Debug|Any CPU.ActiveCfg = Debug|Any CPU
		{1C7D1517-185D-4039-9A88-559B62F8F0A6}.Debug|Any CPU.Build.0 = Debug|Any CPU
		{1C7D1517-185D-4039-9A88-559B62F8F0A6}.Release|Any CPU.ActiveCfg = Release|Any CPU
		{1C7D1517-185D-4039-9A88-559B62F8F0A6}.Release|Any CPU.Build.0 = Release|Any CPU
	EndGlobalSection
	GlobalSection(SolutionProperties) = preSolution
		HideSolutionNode = FALSE
	EndGlobalSection
	GlobalSection(ExtensibilityGlobals) = postSolution
		SolutionGuid = {4A45F641-0782-48B0-916E-BC2C21856B32}
	EndGlobalSection
EndGlobal
